
Microsoft Visual Studio Solution File, Format Version 10.00
# Visual Studio 2008
Project("{8BC9CEB8-8B4A-11D0-8D11-00A0C91BC942}") = "SimpleGameProvider", "SimpleGameProvider.vcproj", "{CE806108-0313-48A0-BC65-F1E08B33D3AC}"
EndProject
Global
	GlobalSection(SolutionConfigurationPlatforms) = preSolution
		Debug|Win32 = Debug|Win32
		Release|Win32 = Release|Win32
	EndGlobalSection
	GlobalSection(ProjectConfigurationPlatforms) = postSolution
		{CE806108-0313-48A0-BC65-F1E08B33D3AC}.Debug|Win32.ActiveCfg = Debug|Win32
		{CE806108-0313-48A0-BC65-F1E08B33D3AC}.Debug|Win32.Build.0 = Debug|Win32
		{CE806108-0313-48A0-BC65-F1E08B33D3AC}.Release|Win32.ActiveCfg = Release|Win32
		{CE806108-0313-48A0-BC65-F1E08B33D3AC}.Release|Win32.Build.0 = Release|Win32
	EndGlobalSection
	GlobalSection(SolutionProperties) = preSolution
		HideSolutionNode = FALSE
	EndGlobalSection
EndGlobal
