
Microsoft Visual Studio Solution File, Format Version 10.00
# Visual Studio 2008
Project("{8BC9CEB8-8B4A-11D0-8D11-00A0C91BC942}") = "TestClient", "TestClient.vcproj", "{2508E2A3-8CC0-48DC-9A2E-4FFB6021E140}"
EndProject
Global
	GlobalSection(SolutionConfigurationPlatforms) = preSolution
		Debug|Win32 = Debug|Win32
		Release|Win32 = Release|Win32
	EndGlobalSection
	GlobalSection(ProjectConfigurationPlatforms) = postSolution
		{2508E2A3-8CC0-48DC-9A2E-4FFB6021E140}.Debug|Win32.ActiveCfg = Debug|Win32
		{2508E2A3-8CC0-48DC-9A2E-4FFB6021E140}.Debug|Win32.Build.0 = Debug|Win32
		{2508E2A3-8CC0-48DC-9A2E-4FFB6021E140}.Release|Win32.ActiveCfg = Release|Win32
		{2508E2A3-8CC0-48DC-9A2E-4FFB6021E140}.Release|Win32.Build.0 = Release|Win32
	EndGlobalSection
	GlobalSection(SolutionProperties) = preSolution
		HideSolutionNode = FALSE
	EndGlobalSection
EndGlobal
